// !$*UTF8*$!
{
	archiveVersion = 1;
	classes = {
	};
	objectVersion = 77;
	objects = {

/* Begin PBXContainerItemProxy section */
		0EBEB93030062CA4001F9F59 /* PBXContainerItemProxy */ = {
			isa = PBXContainerItemProxy;
			containerPortal = 0EBEB91A30062CA3001F9F59 /* Project object */;
			proxyType = 1;
			remoteGlobalIDString = 0EBEB92130062CA3001F9F59;
			remoteInfo = MeinYouTubeProgramm;
		};
		0EBEB93A30062CA4001F9F59 /* PBXContainerItemProxy */ = {
			isa = PBXContainerItemProxy;
			containerPortal = 0EBEB91A30062CA3001F9F59 /* Project object */;
			proxyType = 1;
			remoteGlobalIDString = 0EBEB92130062CA3001F9F59;
			remoteInfo = MeinYouTubeProgramm;
		};
/* End PBXContainerItemProxy section */

/* Begin PBXFileReference section */
		0EBEB92230062CA3001F9F59 /* MeinYouTubeProgramm.app */ = {isa = PBXFileReference; explicitFileType = wrapper.application; includeInIndex = 0; path = MeinYouTubeProgramm.app; sourceTree = BUILT_PRODUCTS_DIR; };
		0EBEB92F30062CA4001F9F59 /* MeinYouTubeProgrammTests.xctest */ = {isa = PBXFileReference; explicitFileType = wrapper.cfbundle; includeInIndex = 0; path = MeinYouTubeProgrammTests.xctest; sourceTree = BUILT_PRODUCTS_DIR; };
		0EBEB93930062CA4001F9F59 /* MeinYouTubeProgrammUITests.xctest */ = {isa = PBXFileReference; explicitFileType = wrapper.cfbundle; includeInIndex = 0; path = MeinYouTubeProgrammUITests.xctest; sourceTree = BUILT_PRODUCTS_DIR; };
/* End PBXFileReference section */

/* Begin PBXFileSystemSynchronizedRootGroup section */
		0EBEB92430062CA3001F9F59 /* MeinYouTubeProgramm */ = {
			isa = PBXFileSystemSynchronizedRootGroup;
			path = MeinYouTubeProgramm;
			sourceTree = "<group>";
		};
		0EBEB93230062CA4001F9F59 /* MeinYouTubeProgrammTests */ = {
			isa = PBXFileSystemSynchronizedRootGroup;
			path = MeinYouTubeProgrammTests;
			sourceTree = "<group>";
		};
		0EBEB93C30062CA4001F9F59 /* MeinYouTubeProgrammUITests */ = {
			isa = PBXFileSystemSynchronizedRootGroup;
			path = MeinYouTubeProgrammUITests;
			sourceTree = "<group>";
		};
/* End PBXFileSystemSynchronizedRootGroup section */

/* Begin PBXFrameworksBuildPhase section */
		0EBEB91F30062CA3001F9F59 /* Frameworks */ = {
			isa = PBXFrameworksBuildPhase;
			buildActionMask = 2147483647;
			files = (
			);
			runOnlyForDeploymentPostprocessing = 0;
		};
		0EBEB92C30062CA4001F9F59 /* Frameworks */ = {
			isa = PBXFrameworksBuildPhase;
			buildActionMask = 2147483647;
			files = (
			);
			runOnlyForDeploymentPostprocessing = 0;
		};
		0EBEB93630062CA4001F9F59 /* Frameworks */ = {
			isa = PBXFrameworksBuildPhase;
			buildActionMask = 2147483647;
			files = (
			);
			runOnlyForDeploymentPostprocessing = 0;
		};
/* End PBXFrameworksBuildPhase section */

/* Begin PBXGroup section */
		0EBEB91930062CA3001F9F59 = {
			isa = PBXGroup;
			children = (
				0EBEB92430062CA3001F9F59 /* MeinYouTubeProgramm */,
				0EBEB93230062CA4001F9F59 /* MeinYouTubeProgrammTests */,
				0EBEB93C30062CA4001F9F59 /* MeinYouTubeProgrammUITests */,
				0EBEB92330062CA3001F9F59 /* Products */,
			);
			sourceTree = "<group>";
		};
		0EBEB92330062CA3001F9F59 /* Products */ = {
			isa = PBXGroup;
			children = (
				0EBEB92230062CA3001F9F59 /* MeinYouTubeProgramm.app */,
				0EBEB92F30062CA4001F9F59 /* MeinYouTubeProgrammTests.xctest */,
				0EBEB93930062CA4001F9F59 /* MeinYouTubeProgrammUITests.xctest */,
			);
			name = Products;
			sourceTree = "<group>";
		};
/* End PBXGroup section */

/* Begin PBXNativeTarget section */
		0EBEB92130062CA3001F9F59 /* MeinYouTubeProgramm */ = {
			isa = PBXNativeTarget;
			buildConfigurationList = 0EBEB94330062CA4001F9F59 /* Build configuration list for PBXNativeTarget "MeinYouTubeProgramm" */;
			buildPhases = (
				0EBEB91E30062CA3001F9F59 /* Sources */,
				0EBEB91F30062CA3001F9F59 /* Frameworks */,
				0EBEB92030062CA3001F9F59 /* Resources */,
			);
			buildRules = (
			);
			dependencies = (
			);
			fileSystemSynchronizedGroups = (
				0EBEB92430062CA3001F9F59 /* MeinYouTubeProgramm */,
			);
			name = MeinYouTubeProgramm;
			packageProductDependencies = (
			);
			productName = MeinYouTubeProgramm;
			productReference = 0EBEB92230062CA3001F9F59 /* MeinYouTubeProgramm.app */;
			productType = "com.apple.product-type.application";
		};
		0EBEB92E30062CA4001F9F59 /* MeinYouTubeProgrammTests */ = {
			isa = PBXNativeTarget;
			buildConfigurationList = 0EBEB94630062CA4001F9F59 /* Build configuration list for PBXNativeTarget "MeinYouTubeProgrammTests" */;
			buildPhases = (
				0EBEB92B30062CA4001F9F59 /* Sources */,
				0EBEB92C30062CA4001F9F59 /* Frameworks */,
				0EBEB92D30062CA4001F9F59 /* Resources */,
			);
			buildRules = (
			);
			dependencies = (
				0EBEB93130062CA4001F9F59 /* PBXTargetDependency */,
			);
			fileSystemSynchronizedGroups = (
				0EBEB93230062CA4001F9F59 /* MeinYouTubeProgrammTests */,
			);
			name = MeinYouTubeProgrammTests;
			packageProductDependencies = (
			);
			productName = MeinYouTubeProgrammTests;
			productReference = 0EBEB92F30062CA4001F9F59 /* MeinYouTubeProgrammTests.xctest */;
			productType = "com.apple.product-type.bundle.unit-test";
		};
		0EBEB93830062CA4001F9F59 /* MeinYouTubeProgrammUITests */ = {
			isa = PBXNativeTarget;
			buildConfigurationList = 0EBEB94930062CA4001F9F59 /* Build configuration list for PBXNativeTarget "MeinYouTubeProgrammUITests" */;
			buildPhases = (
				0EBEB93530062CA4001F9F59 /* Sources */,
				0EBEB93630062CA4001F9F59 /* Frameworks */,
				0EBEB93730062CA4001F9F59 /* Resources */,
			);
			buildRules = (
			);
			dependencies = (
				0EBEB93B30062CA4001F9F59 /* PBXTargetDependency */,
			);
			fileSystemSynchronizedGroups = (
				0EBEB93C30062CA4001F9F59 /* MeinYouTubeProgrammUITests */,
			);
			name = MeinYouTubeProgrammUITests;
			packageProductDependencies = (
			);
			productName = MeinYouTubeProgrammUITests;
			productReference = 0EBEB93930062CA4001F9F59 /* MeinYouTubeProgrammUITests.xctest */;
			productType = "com.apple.product-type.bundle.ui-testing";
		};
/* End PBXNativeTarget section */

/* Begin PBXProject section */
		0EBEB91A30062CA3001F9F59 /* Project object */ = {
			isa = PBXProject;
			attributes = {
				BuildIndependentTargetsInParallel = 1;
				LastSwiftUpdateCheck = 2640;
				LastUpgradeCheck = 2640;
				TargetAttributes = {
					0EBEB92130062CA3001F9F59 = {
						CreatedOnToolsVersion = 26.4.1;
					};
					0EBEB92E30062CA4001F9F59 = {
						CreatedOnToolsVersion = 26.4.1;
						TestTargetID = 0EBEB92130062CA3001F9F59;
					};
					0EBEB93830062CA4001F9F59 = {
						CreatedOnToolsVersion = 26.4.1;
						TestTargetID = 0EBEB92130062CA3001F9F59;
					};
				};
			};
			buildConfigurationList = 0EBEB91D30062CA3001F9F59 /* Build configuration list for PBXProject "MeinYouTubeProgramm" */;
			developmentRegion = en;
			hasScannedForEncodings = 0;
			knownRegions = (
				en,
				Base,
			);
			mainGroup = 0EBEB91930062CA3001F9F59;
			minimizedProjectReferenceProxies = 1;
			preferredProjectObjectVersion = 77;
			productRefGroup = 0EBEB92330062CA3001F9F59 /* Products */;
			projectDirPath = "";
			projectRoot = "";
			targets = (
				0EBEB92130062CA3001F9F59 /* MeinYouTubeProgramm */,
				0EBEB92E30062CA4001F9F59 /* MeinYouTubeProgrammTests */,
				0EBEB93830062CA4001F9F59 /* MeinYouTubeProgrammUITests */,
			);
		};
/* End PBXProject section */

/* Begin PBXResourcesBuildPhase section */
		0EBEB92030062CA3001F9F59 /* Resources */ = {
			isa = PBXResourcesBuildPhase;
			buildActionMask = 2147483647;
			files = (
			);
			runOnlyForDeploymentPostprocessing = 0;
		};
		0EBEB92D30062CA4001F9F59 /* Resources */ = {
			isa = PBXResourcesBuildPhase;
			buildActionMask = 2147483647;
			files = (
			);
			runOnlyForDeploymentPostprocessing = 0;
		};
		0EBEB93730062CA4001F9F59 /* Resources */ = {
			isa = PBXResourcesBuildPhase;
			buildActionMask = 2147483647;
			files = (
			);
			runOnlyForDeploymentPostprocessing = 0;
		};
/* End PBXResourcesBuildPhase section */

/* Begin PBXSourcesBuildPhase section */
		0EBEB91E30062CA3001F9F59 /* Sources */ = {
			isa = PBXSourcesBuildPhase;
			buildActionMask = 2147483647;
			files = (
			);
			runOnlyForDeploymentPostprocessing = 0;
		};
		0EBEB92B30062CA4001F9F59 /* Sources */ = {
			isa = PBXSourcesBuildPhase;
			buildActionMask = 2147483647;
			files = (
			);
			runOnlyForDeploymentPostprocessing = 0;
		};
		0EBEB93530062CA4001F9F59 /* Sources */ = {
			isa = PBXSourcesBuildPhase;
			buildActionMask = 2147483647;
			files = (
			);
			runOnlyForDeploymentPostprocessing = 0;
		};
/* End PBXSourcesBuildPhase section */

/* Begin PBXTargetDependency section */
		0EBEB93130062CA4001F9F59 /* PBXTargetDependency */ = {
			isa = PBXTargetDependency;
			target = 0EBEB92130062CA3001F9F59 /* MeinYouTubeProgramm */;
			targetProxy = 0EBEB93030062CA4001F9F59 /* PBXContainerItemProxy */;
		};
		0EBEB93B30062CA4001F9F59 /* PBXTargetDependency */ = {
			isa = PBXTargetDependency;
			target = 0EBEB92130062CA3001F9F59 /* MeinYouTubeProgramm */;
			targetProxy = 0EBEB93A30062CA4001F9F59 /* PBXContainerItemProxy */;
		};
/* End PBXTargetDependency section */

/* Begin XCBuildConfiguration section */
		0EBEB94130062CA4001F9F59 /* Debug */ = {
			isa = XCBuildConfiguration;
			buildSettings = {
				ALWAYS_SEARCH_USER_PATHS = NO;
				ASSETCATALOG_COMPILER_GENERATE_SWIFT_ASSET_SYMBOL_EXTENSIONS = YES;
				CLANG_ANALYZER_NONNULL = YES;
				CLANG_ANALYZER_NUMBER_OBJECT_CONVERSION = YES_AGGRESSIVE;
				CLANG_CXX_LANGUAGE_STANDARD = "gnu++20";
				CLANG_ENABLE_MODULES = YES;
				CLANG_ENABLE_OBJC_ARC = YES;
				CLANG_ENABLE_OBJC_WEAK = YES;
				CLANG_WARN_BLOCK_CAPTURE_AUTORELEASING = YES;
				CLANG_WARN_BOOL_CONVERSION = YES;
				CLANG_WARN_COMMA = YES;
				CLANG_WARN_CONSTANT_CONVERSION = YES;
				CLANG_WARN_DEPRECATED_OBJC_IMPLEMENTATIONS = YES;
				CLANG_WARN_DIRECT_OBJC_ISA_USAGE = YES_ERROR;
				CLANG_WARN_DOCUMENTATION_COMMENTS = YES;
				CLANG_WARN_EMPTY_BODY = YES;
				CLANG_WARN_ENUM_CONVERSION = YES;
				CLANG_WARN_INFINITE_RECURSION = YES;
				CLANG_WARN_INT_CONVERSION = YES;
				CLANG_WARN_NON_LITERAL_NULL_CONVERSION = YES;
				CLANG_WARN_OBJC_IMPLICIT_RETAIN_SELF = YES;
				CLANG_WARN_OBJC_LITERAL_CONVERSION = YES;
				CLANG_WARN_OBJC_ROOT_CLASS = YES_ERROR;
				CLANG_WARN_QUOTED_INCLUDE_IN_FRAMEWORK_HEADER = YES;
				CLANG_WARN_RANGE_LOOP_ANALYSIS = YES;
				CLANG_WARN_STRICT_PROTOTYPES = YES;
				CLANG_WARN_SUSPICIOUS_MOVE = YES;
				CLANG_WARN_UNGUARDED_AVAILABILITY = YES_AGGRESSIVE;
				CLANG_WARN_UNREACHABLE_CODE = YES;
				CLANG_WARN__DUPLICATE_METHOD_MATCH = YES;
				COPY_PHASE_STRIP = NO;
				DEBUG_INFORMATION_FORMAT = dwarf;
				ENABLE_STRICT_OBJC_MSGSEND = YES;
				ENABLE_TESTABILITY = YES;
				ENABLE_USER_SCRIPT_SANDBOXING = YES;
				GCC_C_LANGUAGE_STANDARD = gnu17;
				GCC_DYNAMIC_NO_PIC = NO;
				GCC_NO_COMMON_BLOCKS = YES;
				GCC_OPTIMIZATION_LEVEL = 0;
				GCC_PREPROCESSOR_DEFINITIONS = (
					"DEBUG=1",
					"$(inherited)",
				);
				GCC_WARN_64_TO_32_BIT_CONVERSION = YES;
				GCC_WARN_ABOUT_RETURN_TYPE = YES_ERROR;
				GCC_WARN_UNDECLARED_SELECTOR = YES;
				GCC_WARN_UNINITIALIZED_AUTOS = YES_AGGRESSIVE;
				GCC_WARN_UNUSED_FUNCTION = YES;
				GCC_WARN_UNUSED_VARIABLE = YES;
				IPHONEOS_DEPLOYMENT_TARGET = 26.4;
				LOCALIZATION_PREFERS_STRING_CATALOGS = YES;
				MTL_ENABLE_DEBUG_INFO = INCLUDE_SOURCE;
				MTL_FAST_MATH = YES;
				ONLY_ACTIVE_ARCH = YES;
				SDKROOT = iphoneos;
				SWIFT_ACTIVE_COMPILATION_CONDITIONS = "DEBUG $(inherited)";
				SWIFT_OPTIMIZATION_LEVEL = "-Onone";
			};
			name = Debug;
		};
		0EBEB94230062CA4001F9F59 /* Release */ = {
			isa = XCBuildConfiguration;
			buildSettings = {
				ALWAYS_SEARCH_USER_PATHS = NO;
				ASSETCATALOG_COMPILER_GENERATE_SWIFT_ASSET_SYMBOL_EXTENSIONS = YES;
				CLANG_ANALYZER_NONNULL = YES;
				CLANG_ANALYZER_NUMBER_OBJECT_CONVERSION = YES_AGGRESSIVE;
				CLANG_CXX_LANGUAGE_STANDARD = "gnu++20";
				CLANG_ENABLE_MODULES = YES;
				CLANG_ENABLE_OBJC_ARC = YES;
				CLANG_ENABLE_OBJC_WEAK = YES;
				CLANG_WARN_BLOCK_CAPTURE_AUTORELEASING = YES;
				CLANG_WARN_BOOL_CONVERSION = YES;
				CLANG_WARN_COMMA = YES;
				CLANG_WARN_CONSTANT_CONVERSION = YES;
				CLANG_WARN_DEPRECATED_OBJC_IMPLEMENTATIONS = YES;
				CLANG_WARN_DIRECT_OBJC_ISA_USAGE = YES_ERROR;
				CLANG_WARN_DOCUMENTATION_COMMENTS = YES;
				CLANG_WARN_EMPTY_BODY = YES;
				CLANG_WARN_ENUM_CONVERSION = YES;
				CLANG_WARN_INFINITE_RECURSION = YES;
				CLANG_WARN_INT_CONVERSION = YES;
				CLANG_WARN_NON_LITERAL_NULL_CONVERSION = YES;
				CLANG_WARN_OBJC_IMPLICIT_RETAIN_SELF = YES;
				CLANG_WARN_OBJC_LITERAL_CONVERSION = YES;
				CLANG_WARN_OBJC_ROOT_CLASS = YES_ERROR;
				CLANG_WARN_QUOTED_INCLUDE_IN_FRAMEWORK_HEADER = YES;
				CLANG_WARN_RANGE_LOOP_ANALYSIS = YES;
				CLANG_WARN_STRICT_PROTOTYPES = YES;
				CLANG_WARN_SUSPICIOUS_MOVE = YES;
				CLANG_WARN_UNGUARDED_AVAILABILITY = YES_AGGRESSIVE;
				CLANG_WARN_UNREACHABLE_CODE = YES;
				CLANG_WARN__DUPLICATE_METHOD_MATCH = YES;
				COPY_PHASE_STRIP = NO;
				DEBUG_INFORMATION_FORMAT = "dwarf-with-dsym";
				ENABLE_NS_ASSERTIONS = NO;
				ENABLE_STRICT_OBJC_MSGSEND = YES;
				ENABLE_USER_SCRIPT_SANDBOXING = YES;
				GCC_C_LANGUAGE_STANDARD = gnu17;
				GCC_NO_COMMON_BLOCKS = YES;
				GCC_WARN_64_TO_32_BIT_CONVERSION = YES;
				GCC_WARN_ABOUT_RETURN_TYPE = YES_ERROR;
				GCC_WARN_UNDECLARED_SELECTOR = YES;
				GCC_WARN_UNINITIALIZED_AUTOS = YES_AGGRESSIVE;
				GCC_WARN_UNUSED_FUNCTION = YES;
				GCC_WARN_UNUSED_VARIABLE = YES;
				IPHONEOS_DEPLOYMENT_TARGET = 26.4;
				LOCALIZATION_PREFERS_STRING_CATALOGS = YES;
				MTL_ENABLE_DEBUG_INFO = NO;
				MTL_FAST_MATH = YES;
				SDKROOT = iphoneos;
				SWIFT_COMPILATION_MODE = wholemodule;
				VALIDATE_PRODUCT = YES;
			};
			name = Release;
		};
		0EBEB94430062CA4001F9F59 /* Debug */ = {
			isa = XCBuildConfiguration;
			buildSettings = {
				ASSETCATALOG_COMPILER_APPICON_NAME = AppIcon;
				ASSETCATALOG_COMPILER_GLOBAL_ACCENT_COLOR_NAME = AccentColor;
				CODE_SIGN_STYLE = Automatic;
				CURRENT_PROJECT_VERSION = 1;
				DEVELOPMENT_TEAM = M4PBFU2V3R;
				ENABLE_PREVIEWS = YES;
				GENERATE_INFOPLIST_FILE = YES;
				INFOPLIST_KEY_UIApplicationSceneManifest_Generation = YES;
				INFOPLIST_KEY_UIApplicationSupportsIndirectInputEvents = YES;
				INFOPLIST_KEY_UILaunchScreen_Generation = YES;
				INFOPLIST_KEY_UISupportedInterfaceOrientations_iPad = "UIInterfaceOrientationPortrait UIInterfaceOrientationPortraitUpsideDown UIInterfaceOrientationLandscapeLeft UIInterfaceOrientationLandscapeRight";
				INFOPLIST_KEY_UISupportedInterfaceOrientations_iPhone = "UIInterfaceOrientationPortrait UIInterfaceOrientationLandscapeLeft UIInterfaceOrientationLandscapeRight";
				IPHONEOS_DEPLOYMENT_TARGET = 17.6;
				LD_RUNPATH_SEARCH_PATHS = (
					"$(inherited)",
					"@executable_path/Frameworks",
				);
				MARKETING_VERSION = 1.0;
				PRODUCT_BUNDLE_IDENTIFIER = com.tobiaspiwowar.MeinYouTubeProgramm;
				PRODUCT_NAME = "$(TARGET_NAME)";
				STRING_CATALOG_GENERATE_SYMBOLS = YES;
				SWIFT_APPROACHABLE_CONCURRENCY = YES;
				SWIFT_DEFAULT_ACTOR_ISOLATION = MainActor;
				SWIFT_EMIT_LOC_STRINGS = YES;
				SWIFT_UPCOMING_FEATURE_MEMBER_IMPORT_VISIBILITY = YES;
				SWIFT_VERSION = 5.0;
				TARGETED_DEVICE_FAMILY = "1,2";
			};
			name = Debug;
		};
		0EBEB94530062CA4001F9F59 /* Release */ = {
			isa = XCBuildConfiguration;
			buildSettings = {
				ASSETCATALOG_COMPILER_APPICON_NAME = AppIcon;
				ASSETCATALOG_COMPILER_GLOBAL_ACCENT_COLOR_NAME = AccentColor;
				CODE_SIGN_STYLE = Automatic;
				CURRENT_PROJECT_VERSION = 1;
				DEVELOPMENT_TEAM = M4PBFU2V3R;
				ENABLE_PREVIEWS = YES;
				GENERATE_INFOPLIST_FILE = YES;
				INFOPLIST_KEY_UIApplicationSceneManifest_Generation = YES;
				INFOPLIST_KEY_UIApplicationSupportsIndirectInputEvents = YES;
				INFOPLIST_KEY_UILaunchScreen_Generation = YES;
				INFOPLIST_KEY_UISupportedInterfaceOrientations_iPad = "UIInterfaceOrientationPortrait UIInterfaceOrientationPortraitUpsideDown UIInterfaceOrientationLandscapeLeft UIInterfaceOrientationLandscapeRight";
				INFOPLIST_KEY_UISupportedInterfaceOrientations_iPhone = "UIInterfaceOrientationPortrait UIInterfaceOrientationLandscapeLeft UIInterfaceOrientationLandscapeRight";
				IPHONEOS_DEPLOYMENT_TARGET = 17.6;
				LD_RUNPATH_SEARCH_PATHS = (
					"$(inherited)",
					"@executable_path/Frameworks",
				);
				MARKETING_VERSION = 1.0;
				PRODUCT_BUNDLE_IDENTIFIER = com.tobiaspiwowar.MeinYouTubeProgramm;
				PRODUCT_NAME = "$(TARGET_NAME)";
				STRING_CATALOG_GENERATE_SYMBOLS = YES;
				SWIFT_APPROACHABLE_CONCURRENCY = YES;
				SWIFT_DEFAULT_ACTOR_ISOLATION = MainActor;
				SWIFT_EMIT_LOC_STRINGS = YES;
				SWIFT_UPCOMING_FEATURE_MEMBER_IMPORT_VISIBILITY = YES;
				SWIFT_VERSION = 5.0;
				TARGETED_DEVICE_FAMILY = "1,2";
			};
			name = Release;
		};
		0EBEB94730062CA4001F9F59 /* Debug */ = {
			isa = XCBuildConfiguration;
			buildSettings = {
				BUNDLE_LOADER = "$(TEST_HOST)";
				CODE_SIGN_STYLE = Automatic;
				CURRENT_PROJECT_VERSION = 1;
				GENERATE_INFOPLIST_FILE = YES;
				IPHONEOS_DEPLOYMENT_TARGET = 26.4;
				MARKETING_VERSION = 1.0;
				PRODUCT_BUNDLE_IDENTIFIER = com.tobiaspiwowar.MeinYouTubeProgrammTests;
				PRODUCT_NAME = "$(TARGET_NAME)";
				STRING_CATALOG_GENERATE_SYMBOLS = NO;
				SWIFT_APPROACHABLE_CONCURRENCY = YES;
				SWIFT_EMIT_LOC_STRINGS = NO;
				SWIFT_UPCOMING_FEATURE_MEMBER_IMPORT_VISIBILITY = YES;
				SWIFT_VERSION = 5.0;
				TARGETED_DEVICE_FAMILY = "1,2";
				TEST_HOST = "$(BUILT_PRODUCTS_DIR)/MeinYouTubeProgramm.app/$(BUNDLE_EXECUTABLE_FOLDER_PATH)/MeinYouTubeProgramm";
			};
			name = Debug;
		};
		0EBEB94830062CA4001F9F59 /* Release */ = {
			isa = XCBuildConfiguration;
			buildSettings = {
				BUNDLE_LOADER = "$(TEST_HOST)";
				CODE_SIGN_STYLE = Automatic;
				CURRENT_PROJECT_VERSION = 1;
				GENERATE_INFOPLIST_FILE = YES;
				IPHONEOS_DEPLOYMENT_TARGET = 26.4;
				MARKETING_VERSION = 1.0;
				PRODUCT_BUNDLE_IDENTIFIER = com.tobiaspiwowar.MeinYouTubeProgrammTests;
				PRODUCT_NAME = "$(TARGET_NAME)";
				STRING_CATALOG_GENERATE_SYMBOLS = NO;
				SWIFT_APPROACHABLE_CONCURRENCY = YES;
				SWIFT_EMIT_LOC_STRINGS = NO;
				SWIFT_UPCOMING_FEATURE_MEMBER_IMPORT_VISIBILITY = YES;
				SWIFT_VERSION = 5.0;
				TARGETED_DEVICE_FAMILY = "1,2";
				TEST_HOST = "$(BUILT_PRODUCTS_DIR)/MeinYouTubeProgramm.app/$(BUNDLE_EXECUTABLE_FOLDER_PATH)/MeinYouTubeProgramm";
			};
			name = Release;
		};
		0EBEB94A30062CA4001F9F59 /* Debug */ = {
			isa = XCBuildConfiguration;
			buildSettings = {
				CODE_SIGN_STYLE = Automatic;
				CURRENT_PROJECT_VERSION = 1;
				GENERATE_INFOPLIST_FILE = YES;
				MARKETING_VERSION = 1.0;
				PRODUCT_BUNDLE_IDENTIFIER = com.tobiaspiwowar.MeinYouTubeProgrammUITests;
				PRODUCT_NAME = "$(TARGET_NAME)";
				STRING_CATALOG_GENERATE_SYMBOLS = NO;
				SWIFT_APPROACHABLE_CONCURRENCY = YES;
				SWIFT_EMIT_LOC_STRINGS = NO;
				SWIFT_UPCOMING_FEATURE_MEMBER_IMPORT_VISIBILITY = YES;
				SWIFT_VERSION = 5.0;
				TARGETED_DEVICE_FAMILY = "1,2";
				TEST_TARGET_NAME = MeinYouTubeProgramm;
			};
			name = Debug;
		};
		0EBEB94B30062CA4001F9F59 /* Release */ = {
			isa = XCBuildConfiguration;
			buildSettings = {
				CODE_SIGN_STYLE = Automatic;
				CURRENT_PROJECT_VERSION = 1;
				GENERATE_INFOPLIST_FILE = YES;
				MARKETING_VERSION = 1.0;
				PRODUCT_BUNDLE_IDENTIFIER = com.tobiaspiwowar.MeinYouTubeProgrammUITests;
				PRODUCT_NAME = "$(TARGET_NAME)";
				STRING_CATALOG_GENERATE_SYMBOLS = NO;
				SWIFT_APPROACHABLE_CONCURRENCY = YES;
				SWIFT_EMIT_LOC_STRINGS = NO;
				SWIFT_UPCOMING_FEATURE_MEMBER_IMPORT_VISIBILITY = YES;
				SWIFT_VERSION = 5.0;
				TARGETED_DEVICE_FAMILY = "1,2";
				TEST_TARGET_NAME = MeinYouTubeProgramm;
			};
			name = Release;
		};
/* End XCBuildConfiguration section */

/* Begin XCConfigurationList section */
		0EBEB91D30062CA3001F9F59 /* Build configuration list for PBXProject "MeinYouTubeProgramm" */ = {
			isa = XCConfigurationList;
			buildConfigurations = (
				0EBEB94130062CA4001F9F59 /* Debug */,
				0EBEB94230062CA4001F9F59 /* Release */,
			);
			defaultConfigurationIsVisible = 0;
			defaultConfigurationName = Release;
		};
		0EBEB94330062CA4001F9F59 /* Build configuration list for PBXNativeTarget "MeinYouTubeProgramm" */ = {
			isa = XCConfigurationList;
			buildConfigurations = (
				0EBEB94430062CA4001F9F59 /* Debug */,
				0EBEB94530062CA4001F9F59 /* Release */,
			);
			defaultConfigurationIsVisible = 0;
			defaultConfigurationName = Release;
		};
		0EBEB94630062CA4001F9F59 /* Build configuration list for PBXNativeTarget "MeinYouTubeProgrammTests" */ = {
			isa = XCConfigurationList;
			buildConfigurations = (
				0EBEB94730062CA4001F9F59 /* Debug */,
				0EBEB94830062CA4001F9F59 /* Release */,
			);
			defaultConfigurationIsVisible = 0;
			defaultConfigurationName = Release;
		};
		0EBEB94930062CA4001F9F59 /* Build configuration list for PBXNativeTarget "MeinYouTubeProgrammUITests" */ = {
			isa = XCConfigurationList;
			buildConfigurations = (
				0EBEB94A30062CA4001F9F59 /* Debug */,
				0EBEB94B30062CA4001F9F59 /* Release */,
			);
			defaultConfigurationIsVisible = 0;
			defaultConfigurationName = Release;
		};
/* End XCConfigurationList section */
	};
	rootObject = 0EBEB91A30062CA3001F9F59 /* Project object */;
}
